{
  "name": "@dependabot-fixtures/npm-parent-dependency-with-more-versions",
  "version": "1.0.0",
  "lockfileVersion": 2,
  "requires": true,
  "packages": {
    "": {
      "name": "@dependabot-fixtures/npm-parent-dependency-with-more-versions",
      "version": "1.0.0",
      "license": "ISC",
      "dependencies": {
        "@dependabot-fixtures/npm-transitive-dependency-with-more-versions": "^1.0.0"
      }
    },
    "node_modules/@dependabot-fixtures/npm-transitive-dependency-with-more-versions": {
      "version": "1.0.0",
      "resolved": "https://registry.npmjs.org/@dependabot-fixtures/npm-transitive-dependency-with-more-versions/-/npm-transitive-dependency-with-more-versions-1.0.0.tgz",
      "integrity": "sha512-IHtKNrRBm6bDrL2Jf1w+ZMg/4MmAb6MMHmP8CVebKnfn6Za7h39L7hG/ozA0vKI1ZZpGSfkRshvCd9EFFAc8IA=="
    }
  },
  "dependencies": {
    "@dependabot-fixtures/npm-transitive-dependency-with-more-versions": {
      "version": "1.0.0",
      "resolved": "https://registry.npmjs.org/@dependabot-fixtures/npm-transitive-dependency-with-more-versions/-/npm-transitive-dependency-with-more-versions-1.0.0.tgz",
      "integrity": "sha512-IHtKNrRBm6bDrL2Jf1w+ZMg/4MmAb6MMHmP8CVebKnfn6Za7h39L7hG/ozA0vKI1ZZpGSfkRshvCd9EFFAc8IA=="
    }
  }
}
